
Microsoft Visual Studio Solution File, Format Version 12.00
# Visual Studio Version 17
VisualStudioVersion = 17.7.34202.233
MinimumVisualStudioVersion = 10.0.40219.1
Project("{9A19103F-16F7-4668-BE54-9A1E7A4F7556}") = "CSVTC_Testing", "CSVTC_Testing\CSVTC_Testing.csproj", "{61C4439E-21E9-4F96-BD25-72DBC712B6C9}"
EndProject
Project("{9A19103F-16F7-4668-BE54-9A1E7A4F7556}") = "CSVTC_Library", "CSVTC_Library\CSVTC_Library.csproj", "{F4A52A27-B3BE-4980-9132-9E10E8CCAF4D}"
EndProject
Project("{FAE04EC0-301F-11D3-BF4B-00C04F79EFBC}") = "CSV_Template_Converter_GUI", "CSV_Template_Converter_GUI\CSV_Template_Converter_GUI.csproj", "{FDBA35F6-BB6B-408C-9982-F94804A72C36}"
EndProject
Global
	GlobalSection(SolutionConfigurationPlatforms) = preSolution
		Debug|Any CPU = Debug|Any CPU
		Release|Any CPU = Release|Any CPU
	EndGlobalSection
	GlobalSection(ProjectConfigurationPlatforms) = postSolution
		{61C4439E-21E9-4F96-BD25-72DBC712B6C9}.Debug|Any CPU.ActiveCfg = Debug|Any CPU
		{61C4439E-21E9-4F96-BD25-72DBC712B6C9}.Debug|Any CPU.Build.0 = Debug|Any CPU
		{61C4439E-21E9-4F96-BD25-72DBC712B6C9}.Release|Any CPU.ActiveCfg = Release|Any CPU
		{61C4439E-21E9-4F96-BD25-72DBC712B6C9}.Release|Any CPU.Build.0 = Release|Any CPU
		{F4A52A27-B3BE-4980-9132-9E10E8CCAF4D}.Debug|Any CPU.ActiveCfg = Debug|Any CPU
		{F4A52A27-B3BE-4980-9132-9E10E8CCAF4D}.Debug|Any CPU.Build.0 = Debug|Any CPU
		{F4A52A27-B3BE-4980-9132-9E10E8CCAF4D}.Release|Any CPU.ActiveCfg = Release|Any CPU
		{F4A52A27-B3BE-4980-9132-9E10E8CCAF4D}.Release|Any CPU.Build.0 = Release|Any CPU
		{FDBA35F6-BB6B-408C-9982-F94804A72C36}.Debug|Any CPU.ActiveCfg = Debug|Any CPU
		{FDBA35F6-BB6B-408C-9982-F94804A72C36}.Debug|Any CPU.Build.0 = Debug|Any CPU
		{FDBA35F6-BB6B-408C-9982-F94804A72C36}.Release|Any CPU.ActiveCfg = Release|Any CPU
		{FDBA35F6-BB6B-408C-9982-F94804A72C36}.Release|Any CPU.Build.0 = Release|Any CPU
	EndGlobalSection
	GlobalSection(SolutionProperties) = preSolution
		HideSolutionNode = FALSE
	EndGlobalSection
	GlobalSection(ExtensibilityGlobals) = postSolution
		SolutionGuid = {F40D6814-77F0-4EFA-B7AE-CB91FEA3DFE3}
	EndGlobalSection
EndGlobal
